{
  "lockfile-version": 1,
  "manifest": {
    "version": 1,
    "hook": {
      "on-activate": "export COMFYUI_WATCH_DIR=\"${COMFYUI_WATCH_DIR:-$FLOX_ENV_CACHE/watch}\"\n"
    },
    "profile": {},
    "options": {},
    "services": {
      "comfyui-watch": {
        "command": "comfyui-watch",
        "is-daemon": false
      }
    }
  },
  "packages": []
}
